
Microsoft Visual Studio Solution File, Format Version 12.00
# Visual Studio 15
VisualStudioVersion = 15.0.28307.329
MinimumVisualStudioVersion = 10.0.40219.1
Project("{D2ABAB84-BF74-430A-B69E-9DC6D40DDA17}") = "Practice7SSAS", "Practice7SSAS\Practice7SSAS.dwproj", "{411F1EC6-3C63-4A0D-AFA5-CEF5BB87A5F0}"
EndProject
Global
	GlobalSection(SolutionConfigurationPlatforms) = preSolution
		Development|Default = Development|Default
	EndGlobalSection
	GlobalSection(ProjectConfigurationPlatforms) = postSolution
		{411F1EC6-3C63-4A0D-AFA5-CEF5BB87A5F0}.Development|Default.ActiveCfg = Development
		{411F1EC6-3C63-4A0D-AFA5-CEF5BB87A5F0}.Development|Default.Build.0 = Development
		{411F1EC6-3C63-4A0D-AFA5-CEF5BB87A5F0}.Development|Default.Deploy.0 = Development
	EndGlobalSection
	GlobalSection(SolutionProperties) = preSolution
		HideSolutionNode = FALSE
	EndGlobalSection
	GlobalSection(ExtensibilityGlobals) = postSolution
		SolutionGuid = {C05EF04D-8A04-46A0-92DC-B413C2764E98}
	EndGlobalSection
EndGlobal
